// !$*UTF8*$!
{
	archiveVersion = 1;
	classes = {
	};
	objectVersion = 46;
	objects = {

/* Begin PBXBuildFile section */
		599D7E1E1721F89D00B7244F /* planets.c in Sources */ = {isa = PBXBuildFile; fileRef = 599D7E1D1721F89D00B7244F /* planets.c */; };
		599D7E201721F8BB00B7244F /* libpebble.a in Frameworks */ = {isa = PBXBuildFile; fileRef = 599D7E1F1721F8BB00B7244F /* libpebble.a */; };
/* End PBXBuildFile section */

/* Begin PBXCopyFilesBuildPhase section */
		599D7E0F1721F7F800B7244F /* CopyFiles */ = {
			isa = PBXCopyFilesBuildPhase;
			buildActionMask = 2147483647;
			dstPath = /usr/share/man/man1/;
			dstSubfolderSpec = 0;
			files = (
			);
			runOnlyForDeploymentPostprocessing = 1;
		};
/* End PBXCopyFilesBuildPhase section */

/* Begin PBXFileReference section */
		599D7E111721F7F800B7244F /* planets2 */ = {isa = PBXFileReference; explicitFileType = "compiled.mach-o.executable"; includeInIndex = 0; path = planets2; sourceTree = BUILT_PRODUCTS_DIR; };
		599D7E1D1721F89D00B7244F /* planets.c */ = {isa = PBXFileReference; fileEncoding = 4; lastKnownFileType = sourcecode.c.c; name = planets.c; path = src/planets.c; sourceTree = SOURCE_ROOT; };
		599D7E1F1721F8BB00B7244F /* libpebble.a */ = {isa = PBXFileReference; lastKnownFileType = archive.ar; name = libpebble.a; path = ../lib/libpebble.a; sourceTree = "<group>"; };
/* End PBXFileReference section */

/* Begin PBXFrameworksBuildPhase section */
		599D7E0E1721F7F800B7244F /* Frameworks */ = {
			isa = PBXFrameworksBuildPhase;
			buildActionMask = 2147483647;
			files = (
				599D7E201721F8BB00B7244F /* libpebble.a in Frameworks */,
			);
			runOnlyForDeploymentPostprocessing = 0;
		};
/* End PBXFrameworksBuildPhase section */

/* Begin PBXGroup section */
		599D7E081721F7F800B7244F = {
			isa = PBXGroup;
			children = (
				599D7E1F1721F8BB00B7244F /* libpebble.a */,
				599D7E131721F7F800B7244F /* planets2 */,
				599D7E121721F7F800B7244F /* Products */,
			);
			sourceTree = "<group>";
		};
		599D7E121721F7F800B7244F /* Products */ = {
			isa = PBXGroup;
			children = (
				599D7E111721F7F800B7244F /* planets2 */,
			);
			name = Products;
			sourceTree = "<group>";
		};
		599D7E131721F7F800B7244F /* planets2 */ = {
			isa = PBXGroup;
			children = (
				599D7E1D1721F89D00B7244F /* planets.c */,
			);
			path = planets2;
			sourceTree = "<group>";
		};
/* End PBXGroup section */

/* Begin PBXNativeTarget section */
		599D7E101721F7F800B7244F /* planets2 */ = {
			isa = PBXNativeTarget;
			buildConfigurationList = 599D7E1A1721F7F800B7244F /* Build configuration list for PBXNativeTarget "planets2" */;
			buildPhases = (
				599D7E0D1721F7F800B7244F /* Sources */,
				599D7E0E1721F7F800B7244F /* Frameworks */,
				599D7E0F1721F7F800B7244F /* CopyFiles */,
			);
			buildRules = (
			);
			dependencies = (
			);
			name = planets2;
			productName = planets2;
			productReference = 599D7E111721F7F800B7244F /* planets2 */;
			productType = "com.apple.product-type.tool";
		};
/* End PBXNativeTarget section */

/* Begin PBXProject section */
		599D7E091721F7F800B7244F /* Project object */ = {
			isa = PBXProject;
			attributes = {
				LastUpgradeCheck = 0460;
				ORGANIZATIONNAME = "Dev Discoveries";
			};
			buildConfigurationList = 599D7E0C1721F7F800B7244F /* Build configuration list for PBXProject "planets2" */;
			compatibilityVersion = "Xcode 3.2";
			developmentRegion = English;
			hasScannedForEncodings = 0;
			knownRegions = (
				en,
			);
			mainGroup = 599D7E081721F7F800B7244F;
			productRefGroup = 599D7E121721F7F800B7244F /* Products */;
			projectDirPath = "";
			projectRoot = "";
			targets = (
				599D7E101721F7F800B7244F /* planets2 */,
			);
		};
/* End PBXProject section */

/* Begin PBXSourcesBuildPhase section */
		599D7E0D1721F7F800B7244F /* Sources */ = {
			isa = PBXSourcesBuildPhase;
			buildActionMask = 2147483647;
			files = (
				599D7E1E1721F89D00B7244F /* planets.c in Sources */,
			);
			runOnlyForDeploymentPostprocessing = 0;
		};
/* End PBXSourcesBuildPhase section */

/* Begin XCBuildConfiguration section */
		599D7E181721F7F800B7244F /* Debug */ = {
			isa = XCBuildConfiguration;
			buildSettings = {
				ALWAYS_SEARCH_USER_PATHS = NO;
				ARCHS = "$(ARCHS_STANDARD_64_BIT)";
				CLANG_CXX_LANGUAGE_STANDARD = "gnu++0x";
				CLANG_CXX_LIBRARY = "libc++";
				CLANG_WARN_CONSTANT_CONVERSION = YES;
				CLANG_WARN_EMPTY_BODY = YES;
				CLANG_WARN_ENUM_CONVERSION = YES;
				CLANG_WARN_INT_CONVERSION = YES;
				CLANG_WARN__DUPLICATE_METHOD_MATCH = YES;
				COPY_PHASE_STRIP = NO;
				GCC_C_LANGUAGE_STANDARD = gnu99;
				GCC_DYNAMIC_NO_PIC = NO;
				GCC_ENABLE_OBJC_EXCEPTIONS = YES;
				GCC_OPTIMIZATION_LEVEL = 0;
				GCC_PREPROCESSOR_DEFINITIONS = (
					"DEBUG=1",
					"$(inherited)",
				);
				GCC_SYMBOLS_PRIVATE_EXTERN = NO;
				GCC_WARN_64_TO_32_BIT_CONVERSION = YES;
				GCC_WARN_ABOUT_RETURN_TYPE = YES;
				GCC_WARN_UNINITIALIZED_AUTOS = YES;
				GCC_WARN_UNUSED_VARIABLE = YES;
				MACOSX_DEPLOYMENT_TARGET = 10.8;
				ONLY_ACTIVE_ARCH = YES;
				SDKROOT = macosx;
			};
			name = Debug;
		};
		599D7E191721F7F800B7244F /* Release */ = {
			isa = XCBuildConfiguration;
			buildSettings = {
				ALWAYS_SEARCH_USER_PATHS = NO;
				ARCHS = "$(ARCHS_STANDARD_64_BIT)";
				CLANG_CXX_LANGUAGE_STANDARD = "gnu++0x";
				CLANG_CXX_LIBRARY = "libc++";
				CLANG_WARN_CONSTANT_CONVERSION = YES;
				CLANG_WARN_EMPTY_BODY = YES;
				CLANG_WARN_ENUM_CONVERSION = YES;
				CLANG_WARN_INT_CONVERSION = YES;
				CLANG_WARN__DUPLICATE_METHOD_MATCH = YES;
				COPY_PHASE_STRIP = YES;
				DEBUG_INFORMATION_FORMAT = "dwarf-with-dsym";
				GCC_C_LANGUAGE_STANDARD = gnu99;
				GCC_ENABLE_OBJC_EXCEPTIONS = YES;
				GCC_WARN_64_TO_32_BIT_CONVERSION = YES;
				GCC_WARN_ABOUT_RETURN_TYPE = YES;
				GCC_WARN_UNINITIALIZED_AUTOS = YES;
				GCC_WARN_UNUSED_VARIABLE = YES;
				MACOSX_DEPLOYMENT_TARGET = 10.8;
				SDKROOT = macosx;
			};
			name = Release;
		};
		599D7E1B1721F7F800B7244F /* Debug */ = {
			isa = XCBuildConfiguration;
			buildSettings = {
				ALWAYS_SEARCH_USER_PATHS = NO;
				HEADER_SEARCH_PATHS = "\"$(SRCROOT)/include\"";
				LIBRARY_SEARCH_PATHS = (
					"$(inherited)",
					"\"$(SRCROOT)/../lib\"",
				);
				PRODUCT_NAME = "$(TARGET_NAME)";
				SCAN_ALL_SOURCE_FILES_FOR_INCLUDES = NO;
			};
			name = Debug;
		};
		599D7E1C1721F7F800B7244F /* Release */ = {
			isa = XCBuildConfiguration;
			buildSettings = {
				ALWAYS_SEARCH_USER_PATHS = NO;
				HEADER_SEARCH_PATHS = "\"$(SRCROOT)/include\"";
				LIBRARY_SEARCH_PATHS = (
					"$(inherited)",
					"\"$(SRCROOT)/../lib\"",
				);
				PRODUCT_NAME = "$(TARGET_NAME)";
				SCAN_ALL_SOURCE_FILES_FOR_INCLUDES = NO;
			};
			name = Release;
		};
/* End XCBuildConfiguration section */

/* Begin XCConfigurationList section */
		599D7E0C1721F7F800B7244F /* Build configuration list for PBXProject "planets2" */ = {
			isa = XCConfigurationList;
			buildConfigurations = (
				599D7E181721F7F800B7244F /* Debug */,
				599D7E191721F7F800B7244F /* Release */,
			);
			defaultConfigurationIsVisible = 0;
			defaultConfigurationName = Release;
		};
		599D7E1A1721F7F800B7244F /* Build configuration list for PBXNativeTarget "planets2" */ = {
			isa = XCConfigurationList;
			buildConfigurations = (
				599D7E1B1721F7F800B7244F /* Debug */,
				599D7E1C1721F7F800B7244F /* Release */,
			);
			defaultConfigurationIsVisible = 0;
		};
/* End XCConfigurationList section */
	};
	rootObject = 599D7E091721F7F800B7244F /* Project object */;
}
